// !$*UTF8*$!
{
	archiveVersion = 1;
	classes = {
	};
	objectVersion = 56;
	objects = {

/* Begin PBXBuildFile section */
		E80102FA2C4F93CD008B9482 /* MoreInfoView.swift in Sources */ = {isa = PBXBuildFile; fileRef = E80102F92C4F93CD008B9482 /* MoreInfoView.swift */; };
		E801030A2C4FA386008B9482 /* FilterCategoryTVCell.swift in Sources */ = {isa = PBXBuildFile; fileRef = E80103022C4FA386008B9482 /* FilterCategoryTVCell.swift */; };
		E801030B2C4FA386008B9482 /* FilterCategoryView.swift in Sources */ = {isa = PBXBuildFile; fileRef = E80103032C4FA386008B9482 /* FilterCategoryView.swift */; };
		E801030C2C4FA386008B9482 /* FilterDetailTableViewCell.swift in Sources */ = {isa = PBXBuildFile; fileRef = E80103042C4FA386008B9482 /* FilterDetailTableViewCell.swift */; };
		E801030D2C4FA386008B9482 /* FilterDetailView.swift in Sources */ = {isa = PBXBuildFile; fileRef = E80103052C4FA386008B9482 /* FilterDetailView.swift */; };
		E801030E2C4FA386008B9482 /* FilterLauncher.swift in Sources */ = {isa = PBXBuildFile; fileRef = E80103062C4FA386008B9482 /* FilterLauncher.swift */; };
		E801030F2C4FA386008B9482 /* FilterView.swift in Sources */ = {isa = PBXBuildFile; fileRef = E80103072C4FA386008B9482 /* FilterView.swift */; };
		E80103112C4FA402008B9482 /* FilterDataModel.swift in Sources */ = {isa = PBXBuildFile; fileRef = E80103102C4FA402008B9482 /* FilterDataModel.swift */; };
		E80103132C4FA453008B9482 /* helperX.swift in Sources */ = {isa = PBXBuildFile; fileRef = E80103122C4FA453008B9482 /* helperX.swift */; };
		E82FEAC72C359FEB008BAD04 /* AppDelegate.swift in Sources */ = {isa = PBXBuildFile; fileRef = E82FEAC62C359FEB008BAD04 /* AppDelegate.swift */; };
		E82FEAC92C359FEB008BAD04 /* SceneDelegate.swift in Sources */ = {isa = PBXBuildFile; fileRef = E82FEAC82C359FEB008BAD04 /* SceneDelegate.swift */; };
		E82FEAD12C359FEB008BAD04 /* Drawing_App.xcdatamodeld in Sources */ = {isa = PBXBuildFile; fileRef = E82FEACF2C359FEB008BAD04 /* Drawing_App.xcdatamodeld */; };
		E82FEAD32C359FEC008BAD04 /* Assets.xcassets in Resources */ = {isa = PBXBuildFile; fileRef = E82FEAD22C359FEC008BAD04 /* Assets.xcassets */; };
		E82FEAD62C359FEC008BAD04 /* Base in Resources */ = {isa = PBXBuildFile; fileRef = E82FEAD52C359FEC008BAD04 /* Base */; };
		E82FEADF2C35A22F008BAD04 /* CustomTabBarController.swift in Sources */ = {isa = PBXBuildFile; fileRef = E82FEADE2C35A22F008BAD04 /* CustomTabBarController.swift */; };
		E82FEAE52C35A294008BAD04 /* Page.swift in Sources */ = {isa = PBXBuildFile; fileRef = E82FEAE42C35A294008BAD04 /* Page.swift */; };
		E82FEAE72C35A2A0008BAD04 /* Global.swift in Sources */ = {isa = PBXBuildFile; fileRef = E82FEAE62C35A2A0008BAD04 /* Global.swift */; };
		E82FEAE92C35A2AB008BAD04 /* Line.swift in Sources */ = {isa = PBXBuildFile; fileRef = E82FEAE82C35A2AB008BAD04 /* Line.swift */; };
		E82FEAED2C35A327008BAD04 /* PageCell.swift in Sources */ = {isa = PBXBuildFile; fileRef = E82FEAEC2C35A327008BAD04 /* PageCell.swift */; };
		E82FEAF02C35A371008BAD04 /* OldTableViewController.swift in Sources */ = {isa = PBXBuildFile; fileRef = E82FEAEF2C35A371008BAD04 /* OldTableViewController.swift */; };
		E82FEAF22C35A3AE008BAD04 /* OldLeftTableViewCell.swift in Sources */ = {isa = PBXBuildFile; fileRef = E82FEAF12C35A3AE008BAD04 /* OldLeftTableViewCell.swift */; };
		E82FEAF42C35A3C6008BAD04 /* RightTableViewCell.swift in Sources */ = {isa = PBXBuildFile; fileRef = E82FEAF32C35A3C6008BAD04 /* RightTableViewCell.swift */; };
		E82FEAF62C35A3E3008BAD04 /* TableViewHeaderView.swift in Sources */ = {isa = PBXBuildFile; fileRef = E82FEAF52C35A3E3008BAD04 /* TableViewHeaderView.swift */; };
		E82FEAF92C35A490008BAD04 /* PatternView.swift in Sources */ = {isa = PBXBuildFile; fileRef = E82FEAF82C35A490008BAD04 /* PatternView.swift */; };
		E82FEAFB2C35A4A7008BAD04 /* ArrayChoiceTableViewController.swift in Sources */ = {isa = PBXBuildFile; fileRef = E82FEAFA2C35A4A7008BAD04 /* ArrayChoiceTableViewController.swift */; };
		E82FEAFE2C35A4F3008BAD04 /* SimpleDrawCanvas.swift in Sources */ = {isa = PBXBuildFile; fileRef = E82FEAFD2C35A4F3008BAD04 /* SimpleDrawCanvas.swift */; };
		E82FEB012C35A524008BAD04 /* SwipingController.swift in Sources */ = {isa = PBXBuildFile; fileRef = E82FEB002C35A524008BAD04 /* SwipingController.swift */; };
		E82FEB032C35A544008BAD04 /* HomePageViewController.swift in Sources */ = {isa = PBXBuildFile; fileRef = E82FEB022C35A544008BAD04 /* HomePageViewController.swift */; };
		E82FEB052C35A559008BAD04 /* PatternViewController.swift in Sources */ = {isa = PBXBuildFile; fileRef = E82FEB042C35A559008BAD04 /* PatternViewController.swift */; };
		E82FEB072C35A572008BAD04 /* SimpleDrawController.swift in Sources */ = {isa = PBXBuildFile; fileRef = E82FEB062C35A572008BAD04 /* SimpleDrawController.swift */; };
		E82FEB122C35A609008BAD04 /* ColorPickerViewController.swift in Sources */ = {isa = PBXBuildFile; fileRef = E82FEB112C35A609008BAD04 /* ColorPickerViewController.swift */; };
		E8461DB92C3AABF800CBCC76 /* UIView+BlinkingAnimation.swift in Sources */ = {isa = PBXBuildFile; fileRef = E8461DB82C3AABF800CBCC76 /* UIView+BlinkingAnimation.swift */; };
		E8461DC02C3AC36B00CBCC76 /* GradientView.swift in Sources */ = {isa = PBXBuildFile; fileRef = E8461DBF2C3AC36B00CBCC76 /* GradientView.swift */; };
		E8461DC22C3ADBA000CBCC76 /* NoiseView.swift in Sources */ = {isa = PBXBuildFile; fileRef = E8461DC12C3ADBA000CBCC76 /* NoiseView.swift */; };
		E849FFFD2C3EEA7000F66865 /* ExperimentalTableViewC.swift in Sources */ = {isa = PBXBuildFile; fileRef = E849FFFC2C3EEA7000F66865 /* ExperimentalTableViewC.swift */; };
		E849FFFF2C3EEAC600F66865 /* ExperimentalSimpleDrawController.swift in Sources */ = {isa = PBXBuildFile; fileRef = E849FFFE2C3EEAC600F66865 /* ExperimentalSimpleDrawController.swift */; };
		E85A94242C3D5DC00057AD8D /* Brush.swift in Sources */ = {isa = PBXBuildFile; fileRef = E85A94232C3D5DC00057AD8D /* Brush.swift */; };
		E86980AB2C4E626000DFCAB5 /* MoreInfoVC.swift in Sources */ = {isa = PBXBuildFile; fileRef = E86980AA2C4E626000DFCAB5 /* MoreInfoVC.swift */; };
		E87194E22C403EFE006A79AA /* LineBrush.swift in Sources */ = {isa = PBXBuildFile; fileRef = E87194E12C403EFE006A79AA /* LineBrush.swift */; };
		E87194E42C403F0A006A79AA /* DottedBrush.swift in Sources */ = {isa = PBXBuildFile; fileRef = E87194E32C403F0A006A79AA /* DottedBrush.swift */; };
		E87194E62C403F15006A79AA /* ChalkBrush.swift in Sources */ = {isa = PBXBuildFile; fileRef = E87194E52C403F15006A79AA /* ChalkBrush.swift */; };
		E87194E82C403F1E006A79AA /* RustBrush.swift in Sources */ = {isa = PBXBuildFile; fileRef = E87194E72C403F1E006A79AA /* RustBrush.swift */; };
		E87194EA2C403F27006A79AA /* SquareTextureBrush.swift in Sources */ = {isa = PBXBuildFile; fileRef = E87194E92C403F27006A79AA /* SquareTextureBrush.swift */; };
		E87194EC2C403F31006A79AA /* PencilBrush.swift in Sources */ = {isa = PBXBuildFile; fileRef = E87194EB2C403F31006A79AA /* PencilBrush.swift */; };
		E87194EE2C403F3D006A79AA /* CharcoalBrush.swift in Sources */ = {isa = PBXBuildFile; fileRef = E87194ED2C403F3D006A79AA /* CharcoalBrush.swift */; };
		E87194F02C403F49006A79AA /* PastelBrush.swift in Sources */ = {isa = PBXBuildFile; fileRef = E87194EF2C403F49006A79AA /* PastelBrush.swift */; };
		E87194F22C403F57006A79AA /* WatercolorBrush.swift in Sources */ = {isa = PBXBuildFile; fileRef = E87194F12C403F57006A79AA /* WatercolorBrush.swift */; };
		E87194F42C403F61006A79AA /* SplatterBrush.swift in Sources */ = {isa = PBXBuildFile; fileRef = E87194F32C403F61006A79AA /* SplatterBrush.swift */; };
		E87194F62C403F6B006A79AA /* InkBrush.swift in Sources */ = {isa = PBXBuildFile; fileRef = E87194F52C403F6B006A79AA /* InkBrush.swift */; };
		E87194FC2C4044C2006A79AA /* UIColor+Extensions.swift in Sources */ = {isa = PBXBuildFile; fileRef = E87194FB2C4044C2006A79AA /* UIColor+Extensions.swift */; };
		E8BF779A2C4B90F000B761DD /* BaseDrawController.swift in Sources */ = {isa = PBXBuildFile; fileRef = E8BF77992C4B90F000B761DD /* BaseDrawController.swift */; };
		E8BF779E2C4C21BD00B761DD /* TextureDrawableBrush.swift in Sources */ = {isa = PBXBuildFile; fileRef = E8BF779D2C4C21BD00B761DD /* TextureDrawableBrush.swift */; };
		E8E6700E2C3802FB00F1CE33 /* LeftTableViewCell.swift in Sources */ = {isa = PBXBuildFile; fileRef = E8E6700D2C3802FB00F1CE33 /* LeftTableViewCell.swift */; };
		E8E670142C380DEB00F1CE33 /* TableViewController.swift in Sources */ = {isa = PBXBuildFile; fileRef = E8E670132C380DEB00F1CE33 /* TableViewController.swift */; };
		E8E670162C3816C800F1CE33 /* BrushDetailsViewController.swift in Sources */ = {isa = PBXBuildFile; fileRef = E8E670152C3816C800F1CE33 /* BrushDetailsViewController.swift */; };
		E8ECBE1E2C53A7FD00A93AD6 /* StraightLineBrush.swift in Sources */ = {isa = PBXBuildFile; fileRef = E8ECBE1D2C53A7FD00A93AD6 /* StraightLineBrush.swift */; };
		E8ECBE202C53AA1000A93AD6 /* CircleBrush.swift in Sources */ = {isa = PBXBuildFile; fileRef = E8ECBE1F2C53AA1000A93AD6 /* CircleBrush.swift */; };
		E8ECBE262C53CD2D00A93AD6 /* NavBarAnimationManager.swift in Sources */ = {isa = PBXBuildFile; fileRef = E8ECBE252C53CD2D00A93AD6 /* NavBarAnimationManager.swift */; };
		E8EF9A5B2C4D1FBF00FC9ABC /* Haptics.swift in Sources */ = {isa = PBXBuildFile; fileRef = E8EF9A5A2C4D1FBF00FC9ABC /* Haptics.swift */; };
/* End PBXBuildFile section */

/* Begin PBXFileReference section */
		E80102F92C4F93CD008B9482 /* MoreInfoView.swift */ = {isa = PBXFileReference; lastKnownFileType = sourcecode.swift; path = MoreInfoView.swift; sourceTree = "<group>"; };
		E80103022C4FA386008B9482 /* FilterCategoryTVCell.swift */ = {isa = PBXFileReference; fileEncoding = 4; lastKnownFileType = sourcecode.swift; path = FilterCategoryTVCell.swift; sourceTree = "<group>"; };
		E80103032C4FA386008B9482 /* FilterCategoryView.swift */ = {isa = PBXFileReference; fileEncoding = 4; lastKnownFileType = sourcecode.swift; path = FilterCategoryView.swift; sourceTree = "<group>"; };
		E80103042C4FA386008B9482 /* FilterDetailTableViewCell.swift */ = {isa = PBXFileReference; fileEncoding = 4; lastKnownFileType = sourcecode.swift; path = FilterDetailTableViewCell.swift; sourceTree = "<group>"; };
		E80103052C4FA386008B9482 /* FilterDetailView.swift */ = {isa = PBXFileReference; fileEncoding = 4; lastKnownFileType = sourcecode.swift; path = FilterDetailView.swift; sourceTree = "<group>"; };
		E80103062C4FA386008B9482 /* FilterLauncher.swift */ = {isa = PBXFileReference; fileEncoding = 4; lastKnownFileType = sourcecode.swift; path = FilterLauncher.swift; sourceTree = "<group>"; };
		E80103072C4FA386008B9482 /* FilterView.swift */ = {isa = PBXFileReference; fileEncoding = 4; lastKnownFileType = sourcecode.swift; path = FilterView.swift; sourceTree = "<group>"; };
		E80103102C4FA402008B9482 /* FilterDataModel.swift */ = {isa = PBXFileReference; fileEncoding = 4; lastKnownFileType = sourcecode.swift; path = FilterDataModel.swift; sourceTree = "<group>"; };
		E80103122C4FA453008B9482 /* helperX.swift */ = {isa = PBXFileReference; lastKnownFileType = sourcecode.swift; path = helperX.swift; sourceTree = "<group>"; };
		E82FEAC32C359FEB008BAD04 /* Drawing App.app */ = {isa = PBXFileReference; explicitFileType = wrapper.application; includeInIndex = 0; path = "Drawing App.app"; sourceTree = BUILT_PRODUCTS_DIR; };
		E82FEAC62C359FEB008BAD04 /* AppDelegate.swift */ = {isa = PBXFileReference; lastKnownFileType = sourcecode.swift; path = AppDelegate.swift; sourceTree = "<group>"; };
		E82FEAC82C359FEB008BAD04 /* SceneDelegate.swift */ = {isa = PBXFileReference; lastKnownFileType = sourcecode.swift; path = SceneDelegate.swift; sourceTree = "<group>"; };
		E82FEAD02C359FEB008BAD04 /* Drawing_App.xcdatamodel */ = {isa = PBXFileReference; lastKnownFileType = wrapper.xcdatamodel; path = Drawing_App.xcdatamodel; sourceTree = "<group>"; };
		E82FEAD22C359FEC008BAD04 /* Assets.xcassets */ = {isa = PBXFileReference; lastKnownFileType = folder.assetcatalog; path = Assets.xcassets; sourceTree = "<group>"; };
		E82FEAD52C359FEC008BAD04 /* Base */ = {isa = PBXFileReference; lastKnownFileType = file.storyboard; name = Base; path = Base.lproj/LaunchScreen.storyboard; sourceTree = "<group>"; };
		E82FEAD72C359FEC008BAD04 /* Info.plist */ = {isa = PBXFileReference; lastKnownFileType = text.plist.xml; path = Info.plist; sourceTree = "<group>"; };
		E82FEADE2C35A22F008BAD04 /* CustomTabBarController.swift */ = {isa = PBXFileReference; lastKnownFileType = sourcecode.swift; path = CustomTabBarController.swift; sourceTree = "<group>"; };
		E82FEAE42C35A294008BAD04 /* Page.swift */ = {isa = PBXFileReference; lastKnownFileType = sourcecode.swift; path = Page.swift; sourceTree = "<group>"; };
		E82FEAE62C35A2A0008BAD04 /* Global.swift */ = {isa = PBXFileReference; lastKnownFileType = sourcecode.swift; path = Global.swift; sourceTree = "<group>"; };
		E82FEAE82C35A2AB008BAD04 /* Line.swift */ = {isa = PBXFileReference; lastKnownFileType = sourcecode.swift; path = Line.swift; sourceTree = "<group>"; };
		E82FEAEC2C35A327008BAD04 /* PageCell.swift */ = {isa = PBXFileReference; lastKnownFileType = sourcecode.swift; path = PageCell.swift; sourceTree = "<group>"; };
		E82FEAEF2C35A371008BAD04 /* OldTableViewController.swift */ = {isa = PBXFileReference; lastKnownFileType = sourcecode.swift; path = OldTableViewController.swift; sourceTree = "<group>"; };
		E82FEAF12C35A3AE008BAD04 /* OldLeftTableViewCell.swift */ = {isa = PBXFileReference; lastKnownFileType = sourcecode.swift; path = OldLeftTableViewCell.swift; sourceTree = "<group>"; };
		E82FEAF32C35A3C6008BAD04 /* RightTableViewCell.swift */ = {isa = PBXFileReference; lastKnownFileType = sourcecode.swift; path = RightTableViewCell.swift; sourceTree = "<group>"; };
		E82FEAF52C35A3E3008BAD04 /* TableViewHeaderView.swift */ = {isa = PBXFileReference; lastKnownFileType = sourcecode.swift; path = TableViewHeaderView.swift; sourceTree = "<group>"; };
		E82FEAF82C35A490008BAD04 /* PatternView.swift */ = {isa = PBXFileReference; lastKnownFileType = sourcecode.swift; path = PatternView.swift; sourceTree = "<group>"; };
		E82FEAFA2C35A4A7008BAD04 /* ArrayChoiceTableViewController.swift */ = {isa = PBXFileReference; lastKnownFileType = sourcecode.swift; path = ArrayChoiceTableViewController.swift; sourceTree = "<group>"; };
		E82FEAFD2C35A4F3008BAD04 /* SimpleDrawCanvas.swift */ = {isa = PBXFileReference; lastKnownFileType = sourcecode.swift; path = SimpleDrawCanvas.swift; sourceTree = "<group>"; };
		E82FEB002C35A524008BAD04 /* SwipingController.swift */ = {isa = PBXFileReference; lastKnownFileType = sourcecode.swift; path = SwipingController.swift; sourceTree = "<group>"; };
		E82FEB022C35A544008BAD04 /* HomePageViewController.swift */ = {isa = PBXFileReference; lastKnownFileType = sourcecode.swift; path = HomePageViewController.swift; sourceTree = "<group>"; };
		E82FEB042C35A559008BAD04 /* PatternViewController.swift */ = {isa = PBXFileReference; lastKnownFileType = sourcecode.swift; path = PatternViewController.swift; sourceTree = "<group>"; };
		E82FEB062C35A572008BAD04 /* SimpleDrawController.swift */ = {isa = PBXFileReference; lastKnownFileType = sourcecode.swift; path = SimpleDrawController.swift; sourceTree = "<group>"; };
		E82FEB112C35A609008BAD04 /* ColorPickerViewController.swift */ = {isa = PBXFileReference; lastKnownFileType = sourcecode.swift; path = ColorPickerViewController.swift; sourceTree = "<group>"; };
		E8461DB82C3AABF800CBCC76 /* UIView+BlinkingAnimation.swift */ = {isa = PBXFileReference; lastKnownFileType = sourcecode.swift; path = "UIView+BlinkingAnimation.swift"; sourceTree = "<group>"; };
		E8461DBF2C3AC36B00CBCC76 /* GradientView.swift */ = {isa = PBXFileReference; lastKnownFileType = sourcecode.swift; path = GradientView.swift; sourceTree = "<group>"; };
		E8461DC12C3ADBA000CBCC76 /* NoiseView.swift */ = {isa = PBXFileReference; lastKnownFileType = sourcecode.swift; path = NoiseView.swift; sourceTree = "<group>"; };
		E849FFFC2C3EEA7000F66865 /* ExperimentalTableViewC.swift */ = {isa = PBXFileReference; lastKnownFileType = sourcecode.swift; path = ExperimentalTableViewC.swift; sourceTree = "<group>"; };
		E849FFFE2C3EEAC600F66865 /* ExperimentalSimpleDrawController.swift */ = {isa = PBXFileReference; lastKnownFileType = sourcecode.swift; path = ExperimentalSimpleDrawController.swift; sourceTree = "<group>"; };
		E85A94232C3D5DC00057AD8D /* Brush.swift */ = {isa = PBXFileReference; lastKnownFileType = sourcecode.swift; path = Brush.swift; sourceTree = "<group>"; };
		E86980AA2C4E626000DFCAB5 /* MoreInfoVC.swift */ = {isa = PBXFileReference; lastKnownFileType = sourcecode.swift; path = MoreInfoVC.swift; sourceTree = "<group>"; };
		E87194E12C403EFE006A79AA /* LineBrush.swift */ = {isa = PBXFileReference; lastKnownFileType = sourcecode.swift; path = LineBrush.swift; sourceTree = "<group>"; };
		E87194E32C403F0A006A79AA /* DottedBrush.swift */ = {isa = PBXFileReference; lastKnownFileType = sourcecode.swift; path = DottedBrush.swift; sourceTree = "<group>"; };
		E87194E52C403F15006A79AA /* ChalkBrush.swift */ = {isa = PBXFileReference; lastKnownFileType = sourcecode.swift; path = ChalkBrush.swift; sourceTree = "<group>"; };
		E87194E72C403F1E006A79AA /* RustBrush.swift */ = {isa = PBXFileReference; lastKnownFileType = sourcecode.swift; path = RustBrush.swift; sourceTree = "<group>"; };
		E87194E92C403F27006A79AA /* SquareTextureBrush.swift */ = {isa = PBXFileReference; lastKnownFileType = sourcecode.swift; path = SquareTextureBrush.swift; sourceTree = "<group>"; };
		E87194EB2C403F31006A79AA /* PencilBrush.swift */ = {isa = PBXFileReference; lastKnownFileType = sourcecode.swift; path = PencilBrush.swift; sourceTree = "<group>"; };
		E87194ED2C403F3D006A79AA /* CharcoalBrush.swift */ = {isa = PBXFileReference; lastKnownFileType = sourcecode.swift; path = CharcoalBrush.swift; sourceTree = "<group>"; };
		E87194EF2C403F49006A79AA /* PastelBrush.swift */ = {isa = PBXFileReference; lastKnownFileType = sourcecode.swift; path = PastelBrush.swift; sourceTree = "<group>"; };
		E87194F12C403F57006A79AA /* WatercolorBrush.swift */ = {isa = PBXFileReference; lastKnownFileType = sourcecode.swift; path = WatercolorBrush.swift; sourceTree = "<group>"; };
		E87194F32C403F61006A79AA /* SplatterBrush.swift */ = {isa = PBXFileReference; lastKnownFileType = sourcecode.swift; path = SplatterBrush.swift; sourceTree = "<group>"; };
		E87194F52C403F6B006A79AA /* InkBrush.swift */ = {isa = PBXFileReference; lastKnownFileType = sourcecode.swift; path = InkBrush.swift; sourceTree = "<group>"; };
		E87194FB2C4044C2006A79AA /* UIColor+Extensions.swift */ = {isa = PBXFileReference; lastKnownFileType = sourcecode.swift; path = "UIColor+Extensions.swift"; sourceTree = "<group>"; };
		E8BF77992C4B90F000B761DD /* BaseDrawController.swift */ = {isa = PBXFileReference; lastKnownFileType = sourcecode.swift; path = BaseDrawController.swift; sourceTree = "<group>"; };
		E8BF779D2C4C21BD00B761DD /* TextureDrawableBrush.swift */ = {isa = PBXFileReference; lastKnownFileType = sourcecode.swift; path = TextureDrawableBrush.swift; sourceTree = "<group>"; };
		E8E6700D2C3802FB00F1CE33 /* LeftTableViewCell.swift */ = {isa = PBXFileReference; lastKnownFileType = sourcecode.swift; path = LeftTableViewCell.swift; sourceTree = "<group>"; };
		E8E670132C380DEB00F1CE33 /* TableViewController.swift */ = {isa = PBXFileReference; lastKnownFileType = sourcecode.swift; path = TableViewController.swift; sourceTree = "<group>"; };
		E8E670152C3816C800F1CE33 /* BrushDetailsViewController.swift */ = {isa = PBXFileReference; lastKnownFileType = sourcecode.swift; path = BrushDetailsViewController.swift; sourceTree = "<group>"; };
		E8ECBE1D2C53A7FD00A93AD6 /* StraightLineBrush.swift */ = {isa = PBXFileReference; lastKnownFileType = sourcecode.swift; path = StraightLineBrush.swift; sourceTree = "<group>"; };
		E8ECBE1F2C53AA1000A93AD6 /* CircleBrush.swift */ = {isa = PBXFileReference; lastKnownFileType = sourcecode.swift; path = CircleBrush.swift; sourceTree = "<group>"; };
		E8ECBE252C53CD2D00A93AD6 /* NavBarAnimationManager.swift */ = {isa = PBXFileReference; fileEncoding = 4; lastKnownFileType = sourcecode.swift; path = NavBarAnimationManager.swift; sourceTree = "<group>"; };
		E8EF9A5A2C4D1FBF00FC9ABC /* Haptics.swift */ = {isa = PBXFileReference; lastKnownFileType = sourcecode.swift; path = Haptics.swift; sourceTree = "<group>"; };
/* End PBXFileReference section */

/* Begin PBXFrameworksBuildPhase section */
		E82FEAC02C359FEA008BAD04 /* Frameworks */ = {
			isa = PBXFrameworksBuildPhase;
			buildActionMask = 2147483647;
			files = (
			);
			runOnlyForDeploymentPostprocessing = 0;
		};
/* End PBXFrameworksBuildPhase section */

/* Begin PBXGroup section */
		E80102F82C4F93C1008B9482 /* MoreInfoView */ = {
			isa = PBXGroup;
			children = (
				E80102F92C4F93CD008B9482 /* MoreInfoView.swift */,
			);
			path = MoreInfoView;
			sourceTree = "<group>";
		};
		E80102FB2C4F9F0C008B9482 /* AppBase */ = {
			isa = PBXGroup;
			children = (
				E82FEAC62C359FEB008BAD04 /* AppDelegate.swift */,
				E82FEAC82C359FEB008BAD04 /* SceneDelegate.swift */,
			);
			path = AppBase;
			sourceTree = "<group>";
		};
		E80103082C4FA386008B9482 /* Views */ = {
			isa = PBXGroup;
			children = (
				E80103022C4FA386008B9482 /* FilterCategoryTVCell.swift */,
				E80103032C4FA386008B9482 /* FilterCategoryView.swift */,
				E80103042C4FA386008B9482 /* FilterDetailTableViewCell.swift */,
				E80103052C4FA386008B9482 /* FilterDetailView.swift */,
				E80103062C4FA386008B9482 /* FilterLauncher.swift */,
				E80103072C4FA386008B9482 /* FilterView.swift */,
			);
			path = Views;
			sourceTree = "<group>";
		};
		E80103092C4FA386008B9482 /* Filter */ = {
			isa = PBXGroup;
			children = (
				E80103122C4FA453008B9482 /* helperX.swift */,
				E80103102C4FA402008B9482 /* FilterDataModel.swift */,
				E80103082C4FA386008B9482 /* Views */,
			);
			path = Filter;
			sourceTree = "<group>";
		};
		E82FEABA2C359FEA008BAD04 = {
			isa = PBXGroup;
			children = (
				E82FEAC52C359FEB008BAD04 /* Drawing App */,
				E82FEAC42C359FEB008BAD04 /* Products */,
			);
			sourceTree = "<group>";
		};
		E82FEAC42C359FEB008BAD04 /* Products */ = {
			isa = PBXGroup;
			children = (
				E82FEAC32C359FEB008BAD04 /* Drawing App.app */,
			);
			name = Products;
			sourceTree = "<group>";
		};
		E82FEAC52C359FEB008BAD04 /* Drawing App */ = {
			isa = PBXGroup;
			children = (
				E80102FB2C4F9F0C008B9482 /* AppBase */,
				E82FEADD2C35A220008BAD04 /* TabBar */,
				E82FEAE02C35A259008BAD04 /* Helpers */,
				E82FEAE32C35A287008BAD04 /* Model */,
				E82FEAEA2C35A2E4008BAD04 /* Views */,
				E82FEAFF2C35A508008BAD04 /* Controllers */,
				E82FEB102C35A5FD008BAD04 /* X */,
				E82FEAD22C359FEC008BAD04 /* Assets.xcassets */,
				E82FEAD42C359FEC008BAD04 /* LaunchScreen.storyboard */,
				E82FEAD72C359FEC008BAD04 /* Info.plist */,
				E82FEACF2C359FEB008BAD04 /* Drawing_App.xcdatamodeld */,
			);
			path = "Drawing App";
			sourceTree = "<group>";
		};
		E82FEADD2C35A220008BAD04 /* TabBar */ = {
			isa = PBXGroup;
			children = (
				E82FEADE2C35A22F008BAD04 /* CustomTabBarController.swift */,
			);
			path = TabBar;
			sourceTree = "<group>";
		};
		E82FEAE02C35A259008BAD04 /* Helpers */ = {
			isa = PBXGroup;
			children = (
				E8EF9A5A2C4D1FBF00FC9ABC /* Haptics.swift */,
				E8ECBE252C53CD2D00A93AD6 /* NavBarAnimationManager.swift */,
				E87194FB2C4044C2006A79AA /* UIColor+Extensions.swift */,
				E8461DB82C3AABF800CBCC76 /* UIView+BlinkingAnimation.swift */,
				E87194DE2C403EAE006A79AA /* Brushes */,
			);
			path = Helpers;
			sourceTree = "<group>";
		};
		E82FEAE32C35A287008BAD04 /* Model */ = {
			isa = PBXGroup;
			children = (
				E82FEAE42C35A294008BAD04 /* Page.swift */,
				E82FEAE62C35A2A0008BAD04 /* Global.swift */,
				E82FEAE82C35A2AB008BAD04 /* Line.swift */,
			);
			path = Model;
			sourceTree = "<group>";
		};
		E82FEAEA2C35A2E4008BAD04 /* Views */ = {
			isa = PBXGroup;
			children = (
				E82FEAEB2C35A2EA008BAD04 /* TutorialSwipingView */,
				E82FEAEE2C35A334008BAD04 /* TableViewBrushStyles */,
				E82FEAF72C35A471008BAD04 /* DrawingPatternView */,
				E82FEAFC2C35A4BA008BAD04 /* SimpleDrawView */,
				E8461DBE2C3AC35E00CBCC76 /* GradientView */,
				E80102F82C4F93C1008B9482 /* MoreInfoView */,
			);
			path = Views;
			sourceTree = "<group>";
		};
		E82FEAEB2C35A2EA008BAD04 /* TutorialSwipingView */ = {
			isa = PBXGroup;
			children = (
				E82FEAEC2C35A327008BAD04 /* PageCell.swift */,
			);
			path = TutorialSwipingView;
			sourceTree = "<group>";
		};
		E82FEAEE2C35A334008BAD04 /* TableViewBrushStyles */ = {
			isa = PBXGroup;
			children = (
				E8E670132C380DEB00F1CE33 /* TableViewController.swift */,
				E8E6700D2C3802FB00F1CE33 /* LeftTableViewCell.swift */,
				E82FEAF32C35A3C6008BAD04 /* RightTableViewCell.swift */,
				E82FEAF52C35A3E3008BAD04 /* TableViewHeaderView.swift */,
			);
			path = TableViewBrushStyles;
			sourceTree = "<group>";
		};
		E82FEAF72C35A471008BAD04 /* DrawingPatternView */ = {
			isa = PBXGroup;
			children = (
				E82FEAF82C35A490008BAD04 /* PatternView.swift */,
			);
			path = DrawingPatternView;
			sourceTree = "<group>";
		};
		E82FEAFC2C35A4BA008BAD04 /* SimpleDrawView */ = {
			isa = PBXGroup;
			children = (
				E82FEAFD2C35A4F3008BAD04 /* SimpleDrawCanvas.swift */,
			);
			path = SimpleDrawView;
			sourceTree = "<group>";
		};
		E82FEAFF2C35A508008BAD04 /* Controllers */ = {
			isa = PBXGroup;
			children = (
				E82FEB002C35A524008BAD04 /* SwipingController.swift */,
				E82FEB022C35A544008BAD04 /* HomePageViewController.swift */,
				E8BF77992C4B90F000B761DD /* BaseDrawController.swift */,
				E82FEB042C35A559008BAD04 /* PatternViewController.swift */,
				E82FEB062C35A572008BAD04 /* SimpleDrawController.swift */,
				E82FEB112C35A609008BAD04 /* ColorPickerViewController.swift */,
				E8E670152C3816C800F1CE33 /* BrushDetailsViewController.swift */,
				E86980AA2C4E626000DFCAB5 /* MoreInfoVC.swift */,
			);
			path = Controllers;
			sourceTree = "<group>";
		};
		E82FEB102C35A5FD008BAD04 /* X */ = {
			isa = PBXGroup;
			children = (
				E80103092C4FA386008B9482 /* Filter */,
				E82FEAF12C35A3AE008BAD04 /* OldLeftTableViewCell.swift */,
				E82FEAEF2C35A371008BAD04 /* OldTableViewController.swift */,
				E849FFFC2C3EEA7000F66865 /* ExperimentalTableViewC.swift */,
				E849FFFE2C3EEAC600F66865 /* ExperimentalSimpleDrawController.swift */,
				E8BF779D2C4C21BD00B761DD /* TextureDrawableBrush.swift */,
				E82FEAFA2C35A4A7008BAD04 /* ArrayChoiceTableViewController.swift */,
			);
			path = X;
			sourceTree = "<group>";
		};
		E8461DBE2C3AC35E00CBCC76 /* GradientView */ = {
			isa = PBXGroup;
			children = (
				E8461DBF2C3AC36B00CBCC76 /* GradientView.swift */,
				E8461DC12C3ADBA000CBCC76 /* NoiseView.swift */,
			);
			path = GradientView;
			sourceTree = "<group>";
		};
		E87194DE2C403EAE006A79AA /* Brushes */ = {
			isa = PBXGroup;
			children = (
				E87194DF2C403ECE006A79AA /* Protocols */,
				E87194E02C403EDB006A79AA /* Implementations */,
			);
			path = Brushes;
			sourceTree = "<group>";
		};
		E87194DF2C403ECE006A79AA /* Protocols */ = {
			isa = PBXGroup;
			children = (
				E85A94232C3D5DC00057AD8D /* Brush.swift */,
			);
			path = Protocols;
			sourceTree = "<group>";
		};
		E87194E02C403EDB006A79AA /* Implementations */ = {
			isa = PBXGroup;
			children = (
				E87194E12C403EFE006A79AA /* LineBrush.swift */,
				E8ECBE1D2C53A7FD00A93AD6 /* StraightLineBrush.swift */,
				E8ECBE1F2C53AA1000A93AD6 /* CircleBrush.swift */,
				E87194E32C403F0A006A79AA /* DottedBrush.swift */,
				E87194E52C403F15006A79AA /* ChalkBrush.swift */,
				E87194E72C403F1E006A79AA /* RustBrush.swift */,
				E87194E92C403F27006A79AA /* SquareTextureBrush.swift */,
				E87194EB2C403F31006A79AA /* PencilBrush.swift */,
				E87194ED2C403F3D006A79AA /* CharcoalBrush.swift */,
				E87194EF2C403F49006A79AA /* PastelBrush.swift */,
				E87194F12C403F57006A79AA /* WatercolorBrush.swift */,
				E87194F32C403F61006A79AA /* SplatterBrush.swift */,
				E87194F52C403F6B006A79AA /* InkBrush.swift */,
			);
			path = Implementations;
			sourceTree = "<group>";
		};
/* End PBXGroup section */

/* Begin PBXNativeTarget section */
		E82FEAC22C359FEA008BAD04 /* Drawing App */ = {
			isa = PBXNativeTarget;
			buildConfigurationList = E82FEADA2C359FEC008BAD04 /* Build configuration list for PBXNativeTarget "Drawing App" */;
			buildPhases = (
				E82FEABF2C359FEA008BAD04 /* Sources */,
				E82FEAC02C359FEA008BAD04 /* Frameworks */,
				E82FEAC12C359FEA008BAD04 /* Resources */,
			);
			buildRules = (
			);
			dependencies = (
			);
			name = "Drawing App";
			productName = "Drawing App";
			productReference = E82FEAC32C359FEB008BAD04 /* Drawing App.app */;
			productType = "com.apple.product-type.application";
		};
/* End PBXNativeTarget section */

/* Begin PBXProject section */
		E82FEABB2C359FEA008BAD04 /* Project object */ = {
			isa = PBXProject;
			attributes = {
				BuildIndependentTargetsInParallel = 1;
				LastSwiftUpdateCheck = 1540;
				LastUpgradeCheck = 1540;
				TargetAttributes = {
					E82FEAC22C359FEA008BAD04 = {
						CreatedOnToolsVersion = 15.4;
					};
				};
			};
			buildConfigurationList = E82FEABE2C359FEA008BAD04 /* Build configuration list for PBXProject "Drawing App" */;
			compatibilityVersion = "Xcode 14.0";
			developmentRegion = en;
			hasScannedForEncodings = 0;
			knownRegions = (
				en,
				Base,
			);
			mainGroup = E82FEABA2C359FEA008BAD04;
			productRefGroup = E82FEAC42C359FEB008BAD04 /* Products */;
			projectDirPath = "";
			projectRoot = "";
			targets = (
				E82FEAC22C359FEA008BAD04 /* Drawing App */,
			);
		};
/* End PBXProject section */

/* Begin PBXResourcesBuildPhase section */
		E82FEAC12C359FEA008BAD04 /* Resources */ = {
			isa = PBXResourcesBuildPhase;
			buildActionMask = 2147483647;
			files = (
				E82FEAD32C359FEC008BAD04 /* Assets.xcassets in Resources */,
				E82FEAD62C359FEC008BAD04 /* Base in Resources */,
			);
			runOnlyForDeploymentPostprocessing = 0;
		};
/* End PBXResourcesBuildPhase section */

/* Begin PBXSourcesBuildPhase section */
		E82FEABF2C359FEA008BAD04 /* Sources */ = {
			isa = PBXSourcesBuildPhase;
			buildActionMask = 2147483647;
			files = (
				E801030F2C4FA386008B9482 /* FilterView.swift in Sources */,
				E8ECBE1E2C53A7FD00A93AD6 /* StraightLineBrush.swift in Sources */,
				E87194E42C403F0A006A79AA /* DottedBrush.swift in Sources */,
				E801030C2C4FA386008B9482 /* FilterDetailTableViewCell.swift in Sources */,
				E801030A2C4FA386008B9482 /* FilterCategoryTVCell.swift in Sources */,
				E801030B2C4FA386008B9482 /* FilterCategoryView.swift in Sources */,
				E82FEB072C35A572008BAD04 /* SimpleDrawController.swift in Sources */,
				E82FEAE72C35A2A0008BAD04 /* Global.swift in Sources */,
				E87194E62C403F15006A79AA /* ChalkBrush.swift in Sources */,
				E82FEAFE2C35A4F3008BAD04 /* SimpleDrawCanvas.swift in Sources */,
				E8ECBE262C53CD2D00A93AD6 /* NavBarAnimationManager.swift in Sources */,
				E8461DC22C3ADBA000CBCC76 /* NoiseView.swift in Sources */,
				E801030D2C4FA386008B9482 /* FilterDetailView.swift in Sources */,
				E87194F22C403F57006A79AA /* WatercolorBrush.swift in Sources */,
				E82FEAD12C359FEB008BAD04 /* Drawing_App.xcdatamodeld in Sources */,
				E87194E82C403F1E006A79AA /* RustBrush.swift in Sources */,
				E87194F02C403F49006A79AA /* PastelBrush.swift in Sources */,
				E849FFFD2C3EEA7000F66865 /* ExperimentalTableViewC.swift in Sources */,
				E87194EE2C403F3D006A79AA /* CharcoalBrush.swift in Sources */,
				E8ECBE202C53AA1000A93AD6 /* CircleBrush.swift in Sources */,
				E87194E22C403EFE006A79AA /* LineBrush.swift in Sources */,
				E8BF779A2C4B90F000B761DD /* BaseDrawController.swift in Sources */,
				E82FEADF2C35A22F008BAD04 /* CustomTabBarController.swift in Sources */,
				E82FEAF22C35A3AE008BAD04 /* OldLeftTableViewCell.swift in Sources */,
				E82FEAF42C35A3C6008BAD04 /* RightTableViewCell.swift in Sources */,
				E801030E2C4FA386008B9482 /* FilterLauncher.swift in Sources */,
				E849FFFF2C3EEAC600F66865 /* ExperimentalSimpleDrawController.swift in Sources */,
				E85A94242C3D5DC00057AD8D /* Brush.swift in Sources */,
				E8E6700E2C3802FB00F1CE33 /* LeftTableViewCell.swift in Sources */,
				E87194FC2C4044C2006A79AA /* UIColor+Extensions.swift in Sources */,
				E80102FA2C4F93CD008B9482 /* MoreInfoView.swift in Sources */,
				E86980AB2C4E626000DFCAB5 /* MoreInfoVC.swift in Sources */,
				E82FEAF62C35A3E3008BAD04 /* TableViewHeaderView.swift in Sources */,
				E82FEAFB2C35A4A7008BAD04 /* ArrayChoiceTableViewController.swift in Sources */,
				E82FEAE52C35A294008BAD04 /* Page.swift in Sources */,
				E8EF9A5B2C4D1FBF00FC9ABC /* Haptics.swift in Sources */,
				E80103112C4FA402008B9482 /* FilterDataModel.swift in Sources */,
				E8E670142C380DEB00F1CE33 /* TableViewController.swift in Sources */,
				E8E670162C3816C800F1CE33 /* BrushDetailsViewController.swift in Sources */,
				E87194EA2C403F27006A79AA /* SquareTextureBrush.swift in Sources */,
				E82FEB052C35A559008BAD04 /* PatternViewController.swift in Sources */,
				E82FEB012C35A524008BAD04 /* SwipingController.swift in Sources */,
				E82FEAF02C35A371008BAD04 /* OldTableViewController.swift in Sources */,
				E8461DC02C3AC36B00CBCC76 /* GradientView.swift in Sources */,
				E8461DB92C3AABF800CBCC76 /* UIView+BlinkingAnimation.swift in Sources */,
				E82FEAED2C35A327008BAD04 /* PageCell.swift in Sources */,
				E82FEB122C35A609008BAD04 /* ColorPickerViewController.swift in Sources */,
				E80103132C4FA453008B9482 /* helperX.swift in Sources */,
				E87194F42C403F61006A79AA /* SplatterBrush.swift in Sources */,
				E82FEAE92C35A2AB008BAD04 /* Line.swift in Sources */,
				E82FEAC72C359FEB008BAD04 /* AppDelegate.swift in Sources */,
				E82FEAC92C359FEB008BAD04 /* SceneDelegate.swift in Sources */,
				E87194EC2C403F31006A79AA /* PencilBrush.swift in Sources */,
				E82FEAF92C35A490008BAD04 /* PatternView.swift in Sources */,
				E8BF779E2C4C21BD00B761DD /* TextureDrawableBrush.swift in Sources */,
				E82FEB032C35A544008BAD04 /* HomePageViewController.swift in Sources */,
				E87194F62C403F6B006A79AA /* InkBrush.swift in Sources */,
			);
			runOnlyForDeploymentPostprocessing = 0;
		};
/* End PBXSourcesBuildPhase section */

/* Begin PBXVariantGroup section */
		E82FEAD42C359FEC008BAD04 /* LaunchScreen.storyboard */ = {
			isa = PBXVariantGroup;
			children = (
				E82FEAD52C359FEC008BAD04 /* Base */,
			);
			name = LaunchScreen.storyboard;
			sourceTree = "<group>";
		};
/* End PBXVariantGroup section */

/* Begin XCBuildConfiguration section */
		E82FEAD82C359FEC008BAD04 /* Debug */ = {
			isa = XCBuildConfiguration;
			buildSettings = {
				ALWAYS_SEARCH_USER_PATHS = NO;
				ASSETCATALOG_COMPILER_GENERATE_SWIFT_ASSET_SYMBOL_EXTENSIONS = YES;
				CLANG_ANALYZER_NONNULL = YES;
				CLANG_ANALYZER_NUMBER_OBJECT_CONVERSION = YES_AGGRESSIVE;
				CLANG_CXX_LANGUAGE_STANDARD = "gnu++20";
				CLANG_ENABLE_MODULES = YES;
				CLANG_ENABLE_OBJC_ARC = YES;
				CLANG_ENABLE_OBJC_WEAK = YES;
				CLANG_WARN_BLOCK_CAPTURE_AUTORELEASING = YES;
				CLANG_WARN_BOOL_CONVERSION = YES;
				CLANG_WARN_COMMA = YES;
				CLANG_WARN_CONSTANT_CONVERSION = YES;
				CLANG_WARN_DEPRECATED_OBJC_IMPLEMENTATIONS = YES;
				CLANG_WARN_DIRECT_OBJC_ISA_USAGE = YES_ERROR;
				CLANG_WARN_DOCUMENTATION_COMMENTS = YES;
				CLANG_WARN_EMPTY_BODY = YES;
				CLANG_WARN_ENUM_CONVERSION = YES;
				CLANG_WARN_INFINITE_RECURSION = YES;
				CLANG_WARN_INT_CONVERSION = YES;
				CLANG_WARN_NON_LITERAL_NULL_CONVERSION = YES;
				CLANG_WARN_OBJC_IMPLICIT_RETAIN_SELF = YES;
				CLANG_WARN_OBJC_LITERAL_CONVERSION = YES;
				CLANG_WARN_OBJC_ROOT_CLASS = YES_ERROR;
				CLANG_WARN_QUOTED_INCLUDE_IN_FRAMEWORK_HEADER = YES;
				CLANG_WARN_RANGE_LOOP_ANALYSIS = YES;
				CLANG_WARN_STRICT_PROTOTYPES = YES;
				CLANG_WARN_SUSPICIOUS_MOVE = YES;
				CLANG_WARN_UNGUARDED_AVAILABILITY = YES_AGGRESSIVE;
				CLANG_WARN_UNREACHABLE_CODE = YES;
				CLANG_WARN__DUPLICATE_METHOD_MATCH = YES;
				COPY_PHASE_STRIP = NO;
				DEBUG_INFORMATION_FORMAT = dwarf;
				ENABLE_STRICT_OBJC_MSGSEND = YES;
				ENABLE_TESTABILITY = YES;
				ENABLE_USER_SCRIPT_SANDBOXING = YES;
				GCC_C_LANGUAGE_STANDARD = gnu17;
				GCC_DYNAMIC_NO_PIC = NO;
				GCC_NO_COMMON_BLOCKS = YES;
				GCC_OPTIMIZATION_LEVEL = 0;
				GCC_PREPROCESSOR_DEFINITIONS = (
					"DEBUG=1",
					"$(inherited)",
				);
				GCC_WARN_64_TO_32_BIT_CONVERSION = YES;
				GCC_WARN_ABOUT_RETURN_TYPE = YES_ERROR;
				GCC_WARN_UNDECLARED_SELECTOR = YES;
				GCC_WARN_UNINITIALIZED_AUTOS = YES_AGGRESSIVE;
				GCC_WARN_UNUSED_FUNCTION = YES;
				GCC_WARN_UNUSED_VARIABLE = YES;
				IPHONEOS_DEPLOYMENT_TARGET = 17.5;
				LOCALIZATION_PREFERS_STRING_CATALOGS = YES;
				MTL_ENABLE_DEBUG_INFO = INCLUDE_SOURCE;
				MTL_FAST_MATH = YES;
				ONLY_ACTIVE_ARCH = YES;
				SDKROOT = iphoneos;
				SWIFT_ACTIVE_COMPILATION_CONDITIONS = "DEBUG $(inherited)";
				SWIFT_OPTIMIZATION_LEVEL = "-Onone";
			};
			name = Debug;
		};
		E82FEAD92C359FEC008BAD04 /* Release */ = {
			isa = XCBuildConfiguration;
			buildSettings = {
				ALWAYS_SEARCH_USER_PATHS = NO;
				ASSETCATALOG_COMPILER_GENERATE_SWIFT_ASSET_SYMBOL_EXTENSIONS = YES;
				CLANG_ANALYZER_NONNULL = YES;
				CLANG_ANALYZER_NUMBER_OBJECT_CONVERSION = YES_AGGRESSIVE;
				CLANG_CXX_LANGUAGE_STANDARD = "gnu++20";
				CLANG_ENABLE_MODULES = YES;
				CLANG_ENABLE_OBJC_ARC = YES;
				CLANG_ENABLE_OBJC_WEAK = YES;
				CLANG_WARN_BLOCK_CAPTURE_AUTORELEASING = YES;
				CLANG_WARN_BOOL_CONVERSION = YES;
				CLANG_WARN_COMMA = YES;
				CLANG_WARN_CONSTANT_CONVERSION = YES;
				CLANG_WARN_DEPRECATED_OBJC_IMPLEMENTATIONS = YES;
				CLANG_WARN_DIRECT_OBJC_ISA_USAGE = YES_ERROR;
				CLANG_WARN_DOCUMENTATION_COMMENTS = YES;
				CLANG_WARN_EMPTY_BODY = YES;
				CLANG_WARN_ENUM_CONVERSION = YES;
				CLANG_WARN_INFINITE_RECURSION = YES;
				CLANG_WARN_INT_CONVERSION = YES;
				CLANG_WARN_NON_LITERAL_NULL_CONVERSION = YES;
				CLANG_WARN_OBJC_IMPLICIT_RETAIN_SELF = YES;
				CLANG_WARN_OBJC_LITERAL_CONVERSION = YES;
				CLANG_WARN_OBJC_ROOT_CLASS = YES_ERROR;
				CLANG_WARN_QUOTED_INCLUDE_IN_FRAMEWORK_HEADER = YES;
				CLANG_WARN_RANGE_LOOP_ANALYSIS = YES;
				CLANG_WARN_STRICT_PROTOTYPES = YES;
				CLANG_WARN_SUSPICIOUS_MOVE = YES;
				CLANG_WARN_UNGUARDED_AVAILABILITY = YES_AGGRESSIVE;
				CLANG_WARN_UNREACHABLE_CODE = YES;
				CLANG_WARN__DUPLICATE_METHOD_MATCH = YES;
				COPY_PHASE_STRIP = NO;
				DEBUG_INFORMATION_FORMAT = "dwarf-with-dsym";
				ENABLE_NS_ASSERTIONS = NO;
				ENABLE_STRICT_OBJC_MSGSEND = YES;
				ENABLE_USER_SCRIPT_SANDBOXING = YES;
				GCC_C_LANGUAGE_STANDARD = gnu17;
				GCC_NO_COMMON_BLOCKS = YES;
				GCC_WARN_64_TO_32_BIT_CONVERSION = YES;
				GCC_WARN_ABOUT_RETURN_TYPE = YES_ERROR;
				GCC_WARN_UNDECLARED_SELECTOR = YES;
				GCC_WARN_UNINITIALIZED_AUTOS = YES_AGGRESSIVE;
				GCC_WARN_UNUSED_FUNCTION = YES;
				GCC_WARN_UNUSED_VARIABLE = YES;
				IPHONEOS_DEPLOYMENT_TARGET = 17.5;
				LOCALIZATION_PREFERS_STRING_CATALOGS = YES;
				MTL_ENABLE_DEBUG_INFO = NO;
				MTL_FAST_MATH = YES;
				SDKROOT = iphoneos;
				SWIFT_COMPILATION_MODE = wholemodule;
				VALIDATE_PRODUCT = YES;
			};
			name = Release;
		};
		E82FEADB2C359FEC008BAD04 /* Debug */ = {
			isa = XCBuildConfiguration;
			buildSettings = {
				ASSETCATALOG_COMPILER_APPICON_NAME = AppIcon;
				ASSETCATALOG_COMPILER_GLOBAL_ACCENT_COLOR_NAME = AccentColor;
				CODE_SIGN_STYLE = Automatic;
				CURRENT_PROJECT_VERSION = 1;
				DEVELOPMENT_TEAM = KRS4A3VCQQ;
				GENERATE_INFOPLIST_FILE = YES;
				INFOPLIST_FILE = "Drawing App/Info.plist";
				INFOPLIST_KEY_UIApplicationSupportsIndirectInputEvents = YES;
				INFOPLIST_KEY_UILaunchStoryboardName = LaunchScreen;
				INFOPLIST_KEY_UISupportedInterfaceOrientations_iPad = "UIInterfaceOrientationPortrait UIInterfaceOrientationPortraitUpsideDown UIInterfaceOrientationLandscapeLeft UIInterfaceOrientationLandscapeRight";
				INFOPLIST_KEY_UISupportedInterfaceOrientations_iPhone = "UIInterfaceOrientationPortrait UIInterfaceOrientationLandscapeLeft UIInterfaceOrientationLandscapeRight";
				LD_RUNPATH_SEARCH_PATHS = (
					"$(inherited)",
					"@executable_path/Frameworks",
				);
				MARKETING_VERSION = 1.0;
				PRODUCT_BUNDLE_IDENTIFIER = "aidinahmadian.Stocks.Drawing-App";
				PRODUCT_NAME = "$(TARGET_NAME)";
				SWIFT_EMIT_LOC_STRINGS = YES;
				SWIFT_VERSION = 5.0;
				TARGETED_DEVICE_FAMILY = "1,2";
			};
			name = Debug;
		};
		E82FEADC2C359FEC008BAD04 /* Release */ = {
			isa = XCBuildConfiguration;
			buildSettings = {
				ASSETCATALOG_COMPILER_APPICON_NAME = AppIcon;
				ASSETCATALOG_COMPILER_GLOBAL_ACCENT_COLOR_NAME = AccentColor;
				CODE_SIGN_STYLE = Automatic;
				CURRENT_PROJECT_VERSION = 1;
				DEVELOPMENT_TEAM = KRS4A3VCQQ;
				GENERATE_INFOPLIST_FILE = YES;
				INFOPLIST_FILE = "Drawing App/Info.plist";
				INFOPLIST_KEY_UIApplicationSupportsIndirectInputEvents = YES;
				INFOPLIST_KEY_UILaunchStoryboardName = LaunchScreen;
				INFOPLIST_KEY_UISupportedInterfaceOrientations_iPad = "UIInterfaceOrientationPortrait UIInterfaceOrientationPortraitUpsideDown UIInterfaceOrientationLandscapeLeft UIInterfaceOrientationLandscapeRight";
				INFOPLIST_KEY_UISupportedInterfaceOrientations_iPhone = "UIInterfaceOrientationPortrait UIInterfaceOrientationLandscapeLeft UIInterfaceOrientationLandscapeRight";
				LD_RUNPATH_SEARCH_PATHS = (
					"$(inherited)",
					"@executable_path/Frameworks",
				);
				MARKETING_VERSION = 1.0;
				PRODUCT_BUNDLE_IDENTIFIER = "aidinahmadian.Stocks.Drawing-App";
				PRODUCT_NAME = "$(TARGET_NAME)";
				SWIFT_EMIT_LOC_STRINGS = YES;
				SWIFT_VERSION = 5.0;
				TARGETED_DEVICE_FAMILY = "1,2";
			};
			name = Release;
		};
/* End XCBuildConfiguration section */

/* Begin XCConfigurationList section */
		E82FEABE2C359FEA008BAD04 /* Build configuration list for PBXProject "Drawing App" */ = {
			isa = XCConfigurationList;
			buildConfigurations = (
				E82FEAD82C359FEC008BAD04 /* Debug */,
				E82FEAD92C359FEC008BAD04 /* Release */,
			);
			defaultConfigurationIsVisible = 0;
			defaultConfigurationName = Release;
		};
		E82FEADA2C359FEC008BAD04 /* Build configuration list for PBXNativeTarget "Drawing App" */ = {
			isa = XCConfigurationList;
			buildConfigurations = (
				E82FEADB2C359FEC008BAD04 /* Debug */,
				E82FEADC2C359FEC008BAD04 /* Release */,
			);
			defaultConfigurationIsVisible = 0;
			defaultConfigurationName = Release;
		};
/* End XCConfigurationList section */

/* Begin XCVersionGroup section */
		E82FEACF2C359FEB008BAD04 /* Drawing_App.xcdatamodeld */ = {
			isa = XCVersionGroup;
			children = (
				E82FEAD02C359FEB008BAD04 /* Drawing_App.xcdatamodel */,
			);
			currentVersion = E82FEAD02C359FEB008BAD04 /* Drawing_App.xcdatamodel */;
			path = Drawing_App.xcdatamodeld;
			sourceTree = "<group>";
			versionGroupType = wrapper.xcdatamodel;
		};
/* End XCVersionGroup section */
	};
	rootObject = E82FEABB2C359FEA008BAD04 /* Project object */;
}
